// !$*UTF8*$!
{
	archiveVersion = 1;
	classes = {
	};
	objectVersion = 46;
	objects = {

/* Begin PBXBuildFile section */
		4F54D79119AD006400633A4E /* ResourceManager.cpp in Sources */ = {isa = PBXBuildFile; fileRef = 4F54D78F19AD006400633A4E /* ResourceManager.cpp */; };
		4F95A76219C1395000BBCAEF /* autumn.png in Resources */ = {isa = PBXBuildFile; fileRef = 4F95A76119C1395000BBCAEF /* autumn.png */; };
		4FF00D9119A58FEF006BF089 /* ResourcePath.mm in Sources */ = {isa = PBXBuildFile; fileRef = 4FF00D9019A58FEF006BF089 /* ResourcePath.mm */; };
		4FF00D9419A58FEF006BF089 /* main.cpp in Sources */ = {isa = PBXBuildFile; fileRef = 4FF00D9319A58FEF006BF089 /* main.cpp */; };
		4FF00DA519A59179006BF089 /* Application.cpp in Sources */ = {isa = PBXBuildFile; fileRef = 4FF00DA319A59179006BF089 /* Application.cpp */; };
		4FF00DAD19A594B1006BF089 /* XCTest.framework in Frameworks */ = {isa = PBXBuildFile; fileRef = 4FF00DAC19A594B1006BF089 /* XCTest.framework */; };
/* End PBXBuildFile section */

/* Begin PBXContainerItemProxy section */
		4FF00DB719A594B1006BF089 /* PBXContainerItemProxy */ = {
			isa = PBXContainerItemProxy;
			containerPortal = 4FF00D8219A58FEF006BF089 /* Project object */;
			proxyType = 1;
			remoteGlobalIDString = 4FF00D8A19A58FEF006BF089;
			remoteInfo = "SFML-GameEngine";
		};
/* End PBXContainerItemProxy section */

/* Begin PBXFileReference section */
		4F54D78F19AD006400633A4E /* ResourceManager.cpp */ = {isa = PBXFileReference; fileEncoding = 4; lastKnownFileType = sourcecode.cpp.cpp; path = ResourceManager.cpp; sourceTree = "<group>"; };
		4F54D79019AD006400633A4E /* ResourceManager.hpp */ = {isa = PBXFileReference; fileEncoding = 4; lastKnownFileType = sourcecode.cpp.h; path = ResourceManager.hpp; sourceTree = "<group>"; };
		4F95A75C19C128A100BBCAEF /* ResourceIdentifiers.hpp */ = {isa = PBXFileReference; lastKnownFileType = sourcecode.cpp.h; path = ResourceIdentifiers.hpp; sourceTree = "<group>"; };
		4F95A76119C1395000BBCAEF /* autumn.png */ = {isa = PBXFileReference; lastKnownFileType = image.png; path = autumn.png; sourceTree = "<group>"; };
		4FF00D8B19A58FEF006BF089 /* SFML-GameEngine.app */ = {isa = PBXFileReference; explicitFileType = wrapper.application; includeInIndex = 0; path = "SFML-GameEngine.app"; sourceTree = BUILT_PRODUCTS_DIR; };
		4FF00D8F19A58FEF006BF089 /* SFML-GameEngine-Info.plist */ = {isa = PBXFileReference; lastKnownFileType = text.plist.xml; path = "SFML-GameEngine-Info.plist"; sourceTree = "<group>"; };
		4FF00D9019A58FEF006BF089 /* ResourcePath.mm */ = {isa = PBXFileReference; lastKnownFileType = sourcecode.cpp.objcpp; path = ResourcePath.mm; sourceTree = "<group>"; };
		4FF00D9219A58FEF006BF089 /* ResourcePath.hpp */ = {isa = PBXFileReference; lastKnownFileType = sourcecode.cpp.h; path = ResourcePath.hpp; sourceTree = "<group>"; };
		4FF00D9319A58FEF006BF089 /* main.cpp */ = {isa = PBXFileReference; lastKnownFileType = sourcecode.cpp.cpp; path = main.cpp; sourceTree = "<group>"; };
		4FF00DA319A59179006BF089 /* Application.cpp */ = {isa = PBXFileReference; fileEncoding = 4; lastKnownFileType = sourcecode.cpp.cpp; path = Application.cpp; sourceTree = "<group>"; };
		4FF00DA419A59179006BF089 /* Application.hpp */ = {isa = PBXFileReference; fileEncoding = 4; lastKnownFileType = sourcecode.cpp.h; path = Application.hpp; sourceTree = "<group>"; };
		4FF00DAA19A594B1006BF089 /* SFML-GameEngine Tests.xctest */ = {isa = PBXFileReference; explicitFileType = wrapper.cfbundle; includeInIndex = 0; path = "SFML-GameEngine Tests.xctest"; sourceTree = BUILT_PRODUCTS_DIR; };
		4FF00DAC19A594B1006BF089 /* XCTest.framework */ = {isa = PBXFileReference; lastKnownFileType = wrapper.framework; name = XCTest.framework; path = Library/Frameworks/XCTest.framework; sourceTree = DEVELOPER_DIR; };
/* End PBXFileReference section */

/* Begin PBXFrameworksBuildPhase section */
		4FF00D8719A58FEF006BF089 /* Frameworks */ = {
			isa = PBXFrameworksBuildPhase;
			buildActionMask = 2147483647;
			files = (
			);
			runOnlyForDeploymentPostprocessing = 0;
		};
		4FF00DA719A594B1006BF089 /* Frameworks */ = {
			isa = PBXFrameworksBuildPhase;
			buildActionMask = 2147483647;
			files = (
				4FF00DAD19A594B1006BF089 /* XCTest.framework in Frameworks */,
			);
			runOnlyForDeploymentPostprocessing = 0;
		};
/* End PBXFrameworksBuildPhase section */

/* Begin PBXGroup section */
		4F54D79219AD006E00633A4E /* Asset Management */ = {
			isa = PBXGroup;
			children = (
				4F54D78F19AD006400633A4E /* ResourceManager.cpp */,
				4F54D79019AD006400633A4E /* ResourceManager.hpp */,
				4F95A75C19C128A100BBCAEF /* ResourceIdentifiers.hpp */,
			);
			name = "Asset Management";
			sourceTree = "<group>";
		};
		4F950D9919AF86880065D472 /* States */ = {
			isa = PBXGroup;
			children = (
			);
			name = States;
			sourceTree = "<group>";
		};
		4FF00D8119A58FEF006BF089 = {
			isa = PBXGroup;
			children = (
				4FF00D8D19A58FEF006BF089 /* SFML-GameEngine */,
				4FF00DAB19A594B1006BF089 /* Frameworks */,
				4FF00D8C19A58FEF006BF089 /* Products */,
			);
			sourceTree = "<group>";
		};
		4FF00D8C19A58FEF006BF089 /* Products */ = {
			isa = PBXGroup;
			children = (
				4FF00D8B19A58FEF006BF089 /* SFML-GameEngine.app */,
				4FF00DAA19A594B1006BF089 /* SFML-GameEngine Tests.xctest */,
			);
			name = Products;
			sourceTree = "<group>";
		};
		4FF00D8D19A58FEF006BF089 /* SFML-GameEngine */ = {
			isa = PBXGroup;
			children = (
				4F950D9919AF86880065D472 /* States */,
				4FF00D9319A58FEF006BF089 /* main.cpp */,
				4FF00D9519A58FEF006BF089 /* Resources */,
				4FF00D8E19A58FEF006BF089 /* Supporting Files */,
				4FF00DA319A59179006BF089 /* Application.cpp */,
				4FF00DA419A59179006BF089 /* Application.hpp */,
				4F54D79219AD006E00633A4E /* Asset Management */,
			);
			path = "SFML-GameEngine";
			sourceTree = "<group>";
		};
		4FF00D8E19A58FEF006BF089 /* Supporting Files */ = {
			isa = PBXGroup;
			children = (
				4FF00D9019A58FEF006BF089 /* ResourcePath.mm */,
				4FF00D9219A58FEF006BF089 /* ResourcePath.hpp */,
				4FF00D8F19A58FEF006BF089 /* SFML-GameEngine-Info.plist */,
			);
			name = "Supporting Files";
			sourceTree = "<group>";
		};
		4FF00D9519A58FEF006BF089 /* Resources */ = {
			isa = PBXGroup;
			children = (
				4F95A76119C1395000BBCAEF /* autumn.png */,
			);
			name = Resources;
			sourceTree = "<group>";
		};
		4FF00DAB19A594B1006BF089 /* Frameworks */ = {
			isa = PBXGroup;
			children = (
				4FF00DAC19A594B1006BF089 /* XCTest.framework */,
			);
			name = Frameworks;
			sourceTree = "<group>";
		};
/* End PBXGroup section */

/* Begin PBXNativeTarget section */
		4FF00D8A19A58FEF006BF089 /* SFML-GameEngine */ = {
			isa = PBXNativeTarget;
			buildConfigurationList = 4FF00DA019A58FEF006BF089 /* Build configuration list for PBXNativeTarget "SFML-GameEngine" */;
			buildPhases = (
				4FF00D8619A58FEF006BF089 /* Sources */,
				4FF00D8719A58FEF006BF089 /* Frameworks */,
				4FF00D8819A58FEF006BF089 /* Resources */,
				4FF00D8919A58FEF006BF089 /* ShellScript */,
			);
			buildRules = (
			);
			dependencies = (
			);
			name = "SFML-GameEngine";
			productName = "SFML-GameEngine";
			productReference = 4FF00D8B19A58FEF006BF089 /* SFML-GameEngine.app */;
			productType = "com.apple.product-type.application";
		};
		4FF00DA919A594B1006BF089 /* SFML-GameEngine Tests */ = {
			isa = PBXNativeTarget;
			buildConfigurationList = 4FF00DB919A594B1006BF089 /* Build configuration list for PBXNativeTarget "SFML-GameEngine Tests" */;
			buildPhases = (
				4FF00DA619A594B1006BF089 /* Sources */,
				4FF00DA719A594B1006BF089 /* Frameworks */,
				4FF00DA819A594B1006BF089 /* Resources */,
			);
			buildRules = (
			);
			dependencies = (
				4FF00DB819A594B1006BF089 /* PBXTargetDependency */,
			);
			name = "SFML-GameEngine Tests";
			productName = "SFML-GameEngine Tests";
			productReference = 4FF00DAA19A594B1006BF089 /* SFML-GameEngine Tests.xctest */;
			productType = "com.apple.product-type.bundle.unit-test";
		};
/* End PBXNativeTarget section */

/* Begin PBXProject section */
		4FF00D8219A58FEF006BF089 /* Project object */ = {
			isa = PBXProject;
			attributes = {
				LastUpgradeCheck = 0510;
				ORGANIZATIONNAME = HaydenGoldstien;
				TargetAttributes = {
					4FF00DA919A594B1006BF089 = {
						TestTargetID = 4FF00D8A19A58FEF006BF089;
					};
				};
			};
			buildConfigurationList = 4FF00D8519A58FEF006BF089 /* Build configuration list for PBXProject "SFML-GameEngine" */;
			compatibilityVersion = "Xcode 3.2";
			developmentRegion = English;
			hasScannedForEncodings = 0;
			knownRegions = (
				en,
			);
			mainGroup = 4FF00D8119A58FEF006BF089;
			productRefGroup = 4FF00D8C19A58FEF006BF089 /* Products */;
			projectDirPath = "";
			projectRoot = "";
			targets = (
				4FF00D8A19A58FEF006BF089 /* SFML-GameEngine */,
				4FF00DA919A594B1006BF089 /* SFML-GameEngine Tests */,
			);
		};
/* End PBXProject section */

/* Begin PBXResourcesBuildPhase section */
		4FF00D8819A58FEF006BF089 /* Resources */ = {
			isa = PBXResourcesBuildPhase;
			buildActionMask = 2147483647;
			files = (
				4F95A76219C1395000BBCAEF /* autumn.png in Resources */,
			);
			runOnlyForDeploymentPostprocessing = 0;
		};
		4FF00DA819A594B1006BF089 /* Resources */ = {
			isa = PBXResourcesBuildPhase;
			buildActionMask = 2147483647;
			files = (
			);
			runOnlyForDeploymentPostprocessing = 0;
		};
/* End PBXResourcesBuildPhase section */

/* Begin PBXShellScriptBuildPhase section */
		4FF00D8919A58FEF006BF089 /* ShellScript */ = {
			isa = PBXShellScriptBuildPhase;
			buildActionMask = 2147483647;
			files = (
			);
			inputPaths = (
			);
			outputPaths = (
			);
			runOnlyForDeploymentPostprocessing = 0;
			shellPath = /bin/sh;
			shellScript = "# This shell script simply copies required sfml dylibs/frameworks into the application bundle frameworks folder.\n# If you're using static libraries (which is not recommended) you should remove this script from your project.\n\n# Are we building a project that uses framework or dylibs ?\ncase \"$SFML_BINARY_TYPE\" in\n    DYLIBS)\n        frameworks=\"false\"\n        ;;\n    *)\n        frameworks=\"true\"\n        ;;\nesac\n\n# Echoes to stderr\nerror () # $* message to display\n{\n    echo $* 1>&2\n    exit 2\n}\n\nassert () # $1 is a boolean, $2...N is an error message\n{\n    if [ $# -lt 2 ]\n    then\n        error \"Internal error in assert : not enough args\"\n    fi\n\n    if [ $1 -ne 0 ]\n    then\n        shift\n        error \"$*\"\n    fi\n}\n\nforce_remove () # $1 is a path\n{\n    test $# -eq 1\n    assert $? \"force_remove() requires one parameter\"\n    rm -fr \"$1\"\n    assert $? \"couldn't remove $1\"\n}\n\ncopy () # $1 is a source, $2 is a destination\n{\n    test $# -eq 2\n    assert $? \"copy() requires two parameters\"\n    ditto \"$1\" \"$2\"\n    assert $? \"couldn't copy $1 to $2\"\n}\n\nrequire () # $1 is a SFML module like 'system' or 'audio'\n{\n    dest=\"$BUILT_PRODUCTS_DIR/$PRODUCT_NAME.app/Contents/Frameworks\"\n\n    if [ -z \"$1\" ]\n    then\n        error \"require() requires one parameter!\"\n    else\n        # clean potentially old stuff\n        force_remove \"$dest/libsfml-$1.2.dylib\"\n        force_remove \"$dest/libsfml-$1-d.2.dylib\"\n        force_remove \"$dest/sfml-$1.framework\"\n\n        # copy SFML libraries\n        if [ \"$frameworks\" = \"true\" ]\n        then\n            copy \"/Library/Frameworks/sfml-$1.framework\" \"$dest/sfml-$1.framework\"\n        elif [ \"$SFML_LINK_DYLIBS_SUFFIX\" = \"-d\" ]\n        then\n            copy \"/usr/local/lib/libsfml-$1-d.2.dylib\" \"$dest/libsfml-$1-d.2.dylib\"\n        else\n            copy \"/usr/local/lib/libsfml-$1.2.dylib\" \"$dest/libsfml-$1.2.dylib\"\n        fi\n\n        if [ \"$1\" = \"audio\" ]\n        then\n            # copy sndfile framework too\n            copy \"/Library/Frameworks/sndfile.framework\" \"$dest/sndfile.framework\"\n        fi\n\n        if [ \"$1\" = \"graphics\" ]\n        then\n            # copy freetype framework too\n            copy \"/Library/Frameworks/freetype.framework\" \"$dest/freetype.framework\"\n        fi\n    fi\n}\n\nif [ -n \"$SFML_SYSTEM\" ]\nthen\n    require \"system\"\nfi\n\nif [ -n \"$SFML_AUDIO\" ]\nthen\n    require \"audio\"\nfi\n\nif [ -n \"$SFML_NETWORK\" ]\nthen\n    require \"network\"\nfi\n\nif [ -n \"$SFML_WINDOW\" ]\nthen\n    require \"window\"\nfi\n\nif [ -n \"$SFML_GRAPHICS\" ]\nthen\n    require \"graphics\"\nfi\n\n                ";
		};
/* End PBXShellScriptBuildPhase section */

/* Begin PBXSourcesBuildPhase section */
		4FF00D8619A58FEF006BF089 /* Sources */ = {
			isa = PBXSourcesBuildPhase;
			buildActionMask = 2147483647;
			files = (
				4F54D79119AD006400633A4E /* ResourceManager.cpp in Sources */,
				4FF00D9419A58FEF006BF089 /* main.cpp in Sources */,
				4FF00D9119A58FEF006BF089 /* ResourcePath.mm in Sources */,
				4FF00DA519A59179006BF089 /* Application.cpp in Sources */,
			);
			runOnlyForDeploymentPostprocessing = 0;
		};
		4FF00DA619A594B1006BF089 /* Sources */ = {
			isa = PBXSourcesBuildPhase;
			buildActionMask = 2147483647;
			files = (
			);
			runOnlyForDeploymentPostprocessing = 0;
		};
/* End PBXSourcesBuildPhase section */

/* Begin PBXTargetDependency section */
		4FF00DB819A594B1006BF089 /* PBXTargetDependency */ = {
			isa = PBXTargetDependency;
			target = 4FF00D8A19A58FEF006BF089 /* SFML-GameEngine */;
			targetProxy = 4FF00DB719A594B1006BF089 /* PBXContainerItemProxy */;
		};
/* End PBXTargetDependency section */

/* Begin XCBuildConfiguration section */
		4FF00D9E19A58FEF006BF089 /* Debug */ = {
			isa = XCBuildConfiguration;
			buildSettings = {
				ARCHS = "$(ARCHS_STANDARD_32_64_BIT)";
				CLANG_CXX_LANGUAGE_STANDARD = "c++0x";
				CLANG_CXX_LIBRARY = "libc++";
				CLANG_WARN_EMPTY_BODY = YES;
				CLANG_WARN__DUPLICATE_METHOD_MATCH = YES;
				FRAMEWORK_SEARCH_PATHS = (
					/Library/Frameworks/,
					"$(inherited)",
				);
				GCC_OPTIMIZATION_LEVEL = 0;
				GCC_PREPROCESSOR_DEFINITIONS = (
					"DEBUG=1",
					"$(inherited)",
				);
				GCC_VERSION = com.apple.compilers.llvm.clang.1_0;
				GCC_WARN_ABOUT_RETURN_TYPE = YES;
				GCC_WARN_UNINITIALIZED_AUTOS = YES;
				GCC_WARN_UNUSED_VARIABLE = YES;
				HEADER_SEARCH_PATHS = (
					/usr/local/include/,
					"$(inherited)",
				);
				LIBRARY_SEARCH_PATHS = (
					/usr/local/lib/,
					"$(inherited)",
				);
				ONLY_ACTIVE_ARCH = NO;
				OTHER_LDFLAGS = (
					"$(inherited)",
					"$(SFML_SYSTEM)",
					"$(SFML_WINDOW)",
					"$(SFML_GRAPHICS)",
					"$(SFML_AUDIO)",
					"$(SFML_NETWORK)",
				);
				SFML_AUDIO = "$(SFML_LINK_PREFIX) sfml-audio$(SFML_LINK_SUFFIX)";
				SFML_BINARY_TYPE = FRAMEWORKS;
				SFML_GRAPHICS = "$(SFML_LINK_PREFIX) sfml-graphics$(SFML_LINK_SUFFIX)";
				SFML_LINK_DYLIBS_PREFIX = "-l";
				SFML_LINK_DYLIBS_SUFFIX = "";
				SFML_LINK_FRAMEWORKS_PREFIX = "-framework";
				SFML_LINK_FRAMEWORKS_SUFFIX = "";
				SFML_LINK_PREFIX = "$(SFML_LINK_$(SFML_BINARY_TYPE)_PREFIX)";
				SFML_LINK_SUFFIX = "$(SFML_LINK_$(SFML_BINARY_TYPE)_SUFFIX)";
				SFML_NETWORK = "$(SFML_LINK_PREFIX) sfml-network$(SFML_LINK_SUFFIX)";
				SFML_SYSTEM = "$(SFML_LINK_PREFIX) sfml-system$(SFML_LINK_SUFFIX)";
				SFML_WINDOW = "$(SFML_LINK_PREFIX) sfml-window$(SFML_LINK_SUFFIX)";
				SUPPORTED_PLATFORMS = macosx;
			};
			name = Debug;
		};
		4FF00D9F19A58FEF006BF089 /* Release */ = {
			isa = XCBuildConfiguration;
			buildSettings = {
				ARCHS = "$(ARCHS_STANDARD_32_64_BIT)";
				CLANG_CXX_LANGUAGE_STANDARD = "c++0x";
				CLANG_CXX_LIBRARY = "libc++";
				CLANG_WARN_EMPTY_BODY = YES;
				CLANG_WARN__DUPLICATE_METHOD_MATCH = YES;
				COPY_PHASE_STRIP = YES;
				FRAMEWORK_SEARCH_PATHS = (
					/Library/Frameworks/,
					"$(inherited)",
				);
				GCC_VERSION = com.apple.compilers.llvm.clang.1_0;
				GCC_WARN_ABOUT_RETURN_TYPE = YES;
				GCC_WARN_UNINITIALIZED_AUTOS = YES;
				GCC_WARN_UNUSED_VARIABLE = YES;
				HEADER_SEARCH_PATHS = (
					/usr/local/include/,
					"$(inherited)",
				);
				LIBRARY_SEARCH_PATHS = (
					/usr/local/lib/,
					"$(inherited)",
				);
				ONLY_ACTIVE_ARCH = NO;
				OTHER_LDFLAGS = (
					"$(inherited)",
					"$(SFML_SYSTEM)",
					"$(SFML_WINDOW)",
					"$(SFML_GRAPHICS)",
					"$(SFML_AUDIO)",
					"$(SFML_NETWORK)",
				);
				SFML_AUDIO = "$(SFML_LINK_PREFIX) sfml-audio$(SFML_LINK_SUFFIX)";
				SFML_BINARY_TYPE = FRAMEWORKS;
				SFML_GRAPHICS = "$(SFML_LINK_PREFIX) sfml-graphics$(SFML_LINK_SUFFIX)";
				SFML_LINK_DYLIBS_PREFIX = "-l";
				SFML_LINK_DYLIBS_SUFFIX = "";
				SFML_LINK_FRAMEWORKS_PREFIX = "-framework";
				SFML_LINK_FRAMEWORKS_SUFFIX = "";
				SFML_LINK_PREFIX = "$(SFML_LINK_$(SFML_BINARY_TYPE)_PREFIX)";
				SFML_LINK_SUFFIX = "$(SFML_LINK_$(SFML_BINARY_TYPE)_SUFFIX)";
				SFML_NETWORK = "$(SFML_LINK_PREFIX) sfml-network$(SFML_LINK_SUFFIX)";
				SFML_SYSTEM = "$(SFML_LINK_PREFIX) sfml-system$(SFML_LINK_SUFFIX)";
				SFML_WINDOW = "$(SFML_LINK_PREFIX) sfml-window$(SFML_LINK_SUFFIX)";
				SUPPORTED_PLATFORMS = macosx;
			};
			name = Release;
		};
		4FF00DA119A58FEF006BF089 /* Debug */ = {
			isa = XCBuildConfiguration;
			buildSettings = {
				INFOPLIST_FILE = "SFML-GameEngine/SFML-GameEngine-Info.plist";
				PRODUCT_NAME = "$(TARGET_NAME)";
			};
			name = Debug;
		};
		4FF00DA219A58FEF006BF089 /* Release */ = {
			isa = XCBuildConfiguration;
			buildSettings = {
				INFOPLIST_FILE = "SFML-GameEngine/SFML-GameEngine-Info.plist";
				PRODUCT_NAME = "$(TARGET_NAME)";
			};
			name = Release;
		};
		4FF00DBA19A594B1006BF089 /* Debug */ = {
			isa = XCBuildConfiguration;
			buildSettings = {
				ALWAYS_SEARCH_USER_PATHS = NO;
				BUNDLE_LOADER = "$(BUILT_PRODUCTS_DIR)/SFML-GameEngine.app/Contents/MacOS/SFML-GameEngine";
				CLANG_CXX_LANGUAGE_STANDARD = "gnu++0x";
				CLANG_ENABLE_MODULES = YES;
				CLANG_ENABLE_OBJC_ARC = YES;
				CLANG_WARN_BOOL_CONVERSION = YES;
				CLANG_WARN_CONSTANT_CONVERSION = YES;
				CLANG_WARN_DIRECT_OBJC_ISA_USAGE = YES_ERROR;
				CLANG_WARN_ENUM_CONVERSION = YES;
				CLANG_WARN_INT_CONVERSION = YES;
				CLANG_WARN_OBJC_ROOT_CLASS = YES_ERROR;
				COPY_PHASE_STRIP = NO;
				FRAMEWORK_SEARCH_PATHS = (
					"$(DEVELOPER_FRAMEWORKS_DIR)",
					"$(inherited)",
				);
				GCC_C_LANGUAGE_STANDARD = gnu99;
				GCC_DYNAMIC_NO_PIC = NO;
				GCC_ENABLE_OBJC_EXCEPTIONS = YES;
				GCC_PRECOMPILE_PREFIX_HEADER = YES;
				GCC_PREFIX_HEADER = "SFML-GameEngine Tests/SFML-GameEngine Tests-Prefix.pch";
				GCC_PREPROCESSOR_DEFINITIONS = (
					"DEBUG=1",
					"$(inherited)",
				);
				GCC_SYMBOLS_PRIVATE_EXTERN = NO;
				GCC_WARN_64_TO_32_BIT_CONVERSION = YES;
				GCC_WARN_ABOUT_RETURN_TYPE = YES_ERROR;
				GCC_WARN_UNDECLARED_SELECTOR = YES;
				GCC_WARN_UNINITIALIZED_AUTOS = YES_AGGRESSIVE;
				GCC_WARN_UNUSED_FUNCTION = YES;
				INFOPLIST_FILE = "SFML-GameEngine Tests/SFML-GameEngine Tests-Info.plist";
				MACOSX_DEPLOYMENT_TARGET = 10.10;
				ONLY_ACTIVE_ARCH = YES;
				PRODUCT_NAME = "$(TARGET_NAME)";
				SDKROOT = macosx;
				TEST_HOST = "$(BUNDLE_LOADER)";
				WRAPPER_EXTENSION = xctest;
			};
			name = Debug;
		};
		4FF00DBB19A594B1006BF089 /* Release */ = {
			isa = XCBuildConfiguration;
			buildSettings = {
				ALWAYS_SEARCH_USER_PATHS = NO;
				BUNDLE_LOADER = "$(BUILT_PRODUCTS_DIR)/SFML-GameEngine.app/Contents/MacOS/SFML-GameEngine";
				CLANG_CXX_LANGUAGE_STANDARD = "gnu++0x";
				CLANG_ENABLE_MODULES = YES;
				CLANG_ENABLE_OBJC_ARC = YES;
				CLANG_WARN_BOOL_CONVERSION = YES;
				CLANG_WARN_CONSTANT_CONVERSION = YES;
				CLANG_WARN_DIRECT_OBJC_ISA_USAGE = YES_ERROR;
				CLANG_WARN_ENUM_CONVERSION = YES;
				CLANG_WARN_INT_CONVERSION = YES;
				CLANG_WARN_OBJC_ROOT_CLASS = YES_ERROR;
				DEBUG_INFORMATION_FORMAT = "dwarf-with-dsym";
				ENABLE_NS_ASSERTIONS = NO;
				FRAMEWORK_SEARCH_PATHS = (
					"$(DEVELOPER_FRAMEWORKS_DIR)",
					"$(inherited)",
				);
				GCC_C_LANGUAGE_STANDARD = gnu99;
				GCC_ENABLE_OBJC_EXCEPTIONS = YES;
				GCC_PRECOMPILE_PREFIX_HEADER = YES;
				GCC_PREFIX_HEADER = "SFML-GameEngine Tests/SFML-GameEngine Tests-Prefix.pch";
				GCC_WARN_64_TO_32_BIT_CONVERSION = YES;
				GCC_WARN_ABOUT_RETURN_TYPE = YES_ERROR;
				GCC_WARN_UNDECLARED_SELECTOR = YES;
				GCC_WARN_UNINITIALIZED_AUTOS = YES_AGGRESSIVE;
				GCC_WARN_UNUSED_FUNCTION = YES;
				INFOPLIST_FILE = "SFML-GameEngine Tests/SFML-GameEngine Tests-Info.plist";
				MACOSX_DEPLOYMENT_TARGET = 10.10;
				PRODUCT_NAME = "$(TARGET_NAME)";
				SDKROOT = macosx;
				TEST_HOST = "$(BUNDLE_LOADER)";
				WRAPPER_EXTENSION = xctest;
			};
			name = Release;
		};
/* End XCBuildConfiguration section */

/* Begin XCConfigurationList section */
		4FF00D8519A58FEF006BF089 /* Build configuration list for PBXProject "SFML-GameEngine" */ = {
			isa = XCConfigurationList;
			buildConfigurations = (
				4FF00D9E19A58FEF006BF089 /* Debug */,
				4FF00D9F19A58FEF006BF089 /* Release */,
			);
			defaultConfigurationIsVisible = 0;
			defaultConfigurationName = Release;
		};
		4FF00DA019A58FEF006BF089 /* Build configuration list for PBXNativeTarget "SFML-GameEngine" */ = {
			isa = XCConfigurationList;
			buildConfigurations = (
				4FF00DA119A58FEF006BF089 /* Debug */,
				4FF00DA219A58FEF006BF089 /* Release */,
			);
			defaultConfigurationIsVisible = 0;
			defaultConfigurationName = Release;
		};
		4FF00DB919A594B1006BF089 /* Build configuration list for PBXNativeTarget "SFML-GameEngine Tests" */ = {
			isa = XCConfigurationList;
			buildConfigurations = (
				4FF00DBA19A594B1006BF089 /* Debug */,
				4FF00DBB19A594B1006BF089 /* Release */,
			);
			defaultConfigurationIsVisible = 0;
			defaultConfigurationName = Release;
		};
/* End XCConfigurationList section */
	};
	rootObject = 4FF00D8219A58FEF006BF089 /* Project object */;
}
